
Microsoft Visual Studio Solution File, Format Version 12.00
# Visual Studio Version 16
VisualStudioVersion = 16.0.31402.337
MinimumVisualStudioVersion = 10.0.40219.1
Project("{FAE04EC0-301F-11D3-BF4B-00C04F79EFBC}") = "Matthew Taylor ITC466-898 HW1 Project", "Matthew Taylor ITC466-898 HW1 Project.csproj", "{CF8084D6-5137-44EC-968B-29A7A80BF32C}"
EndProject
Global
	GlobalSection(SolutionConfigurationPlatforms) = preSolution
		Debug|Any CPU = Debug|Any CPU
		Release|Any CPU = Release|Any CPU
	EndGlobalSection
	GlobalSection(ProjectConfigurationPlatforms) = postSolution
		{CF8084D6-5137-44EC-968B-29A7A80BF32C}.Debug|Any CPU.ActiveCfg = Debug|Any CPU
		{CF8084D6-5137-44EC-968B-29A7A80BF32C}.Debug|Any CPU.Build.0 = Debug|Any CPU
		{CF8084D6-5137-44EC-968B-29A7A80BF32C}.Release|Any CPU.ActiveCfg = Release|Any CPU
		{CF8084D6-5137-44EC-968B-29A7A80BF32C}.Release|Any CPU.Build.0 = Release|Any CPU
	EndGlobalSection
	GlobalSection(SolutionProperties) = preSolution
		HideSolutionNode = FALSE
	EndGlobalSection
	GlobalSection(ExtensibilityGlobals) = postSolution
		SolutionGuid = {51EB6163-C04A-4C39-B0DC-3EEA991C5EAE}
	EndGlobalSection
EndGlobal
